
Microsoft Visual Studio Solution File, Format Version 12.00
# Visual Studio 15
VisualStudioVersion = 15.0.27428.2037
MinimumVisualStudioVersion = 10.0.40219.1
Project("{8BC9CEB8-8B4A-11D0-8D11-00A0C91BC942}") = "simple_json_exe", "simple_json_exe\simple_json_exe.vcxproj", "{91931403-0E1F-4F5C-88B4-924ACC2FC6F9}"
	ProjectSection(ProjectDependencies) = postProject
		{2D4E7136-24A0-4616-8120-793910C9F7EC} = {2D4E7136-24A0-4616-8120-793910C9F7EC}
	EndProjectSection
EndProject
Project("{8BC9CEB8-8B4A-11D0-8D11-00A0C91BC942}") = "simple_json_dll", "simple_json_dll\simple_json_dll.vcxproj", "{2D4E7136-24A0-4616-8120-793910C9F7EC}"
EndProject
Project("{8BC9CEB8-8B4A-11D0-8D11-00A0C91BC942}") = "simple_json_lib", "simple_json_lib\simple_json_lib.vcxproj", "{18CAFA23-509F-43D2-A6B1-E35A1434FAE5}"
EndProject
Global
	GlobalSection(SolutionConfigurationPlatforms) = preSolution
		Debug|x64 = Debug|x64
		Debug|x86 = Debug|x86
		Release|x64 = Release|x64
		Release|x86 = Release|x86
	EndGlobalSection
	GlobalSection(ProjectConfigurationPlatforms) = postSolution
		{91931403-0E1F-4F5C-88B4-924ACC2FC6F9}.Debug|x64.ActiveCfg = Debug|x64
		{91931403-0E1F-4F5C-88B4-924ACC2FC6F9}.Debug|x64.Build.0 = Debug|x64
		{91931403-0E1F-4F5C-88B4-924ACC2FC6F9}.Debug|x86.ActiveCfg = Debug|Win32
		{91931403-0E1F-4F5C-88B4-924ACC2FC6F9}.Debug|x86.Build.0 = Debug|Win32
		{91931403-0E1F-4F5C-88B4-924ACC2FC6F9}.Release|x64.ActiveCfg = Release|x64
		{91931403-0E1F-4F5C-88B4-924ACC2FC6F9}.Release|x64.Build.0 = Release|x64
		{91931403-0E1F-4F5C-88B4-924ACC2FC6F9}.Release|x86.ActiveCfg = Release|Win32
		{91931403-0E1F-4F5C-88B4-924ACC2FC6F9}.Release|x86.Build.0 = Release|Win32
		{2D4E7136-24A0-4616-8120-793910C9F7EC}.Debug|x64.ActiveCfg = Debug|x64
		{2D4E7136-24A0-4616-8120-793910C9F7EC}.Debug|x64.Build.0 = Debug|x64
		{2D4E7136-24A0-4616-8120-793910C9F7EC}.Debug|x86.ActiveCfg = Debug|Win32
		{2D4E7136-24A0-4616-8120-793910C9F7EC}.Debug|x86.Build.0 = Debug|Win32
		{2D4E7136-24A0-4616-8120-793910C9F7EC}.Release|x64.ActiveCfg = Release|x64
		{2D4E7136-24A0-4616-8120-793910C9F7EC}.Release|x64.Build.0 = Release|x64
		{2D4E7136-24A0-4616-8120-793910C9F7EC}.Release|x86.ActiveCfg = Release|Win32
		{2D4E7136-24A0-4616-8120-793910C9F7EC}.Release|x86.Build.0 = Release|Win32
		{18CAFA23-509F-43D2-A6B1-E35A1434FAE5}.Debug|x64.ActiveCfg = Debug|x64
		{18CAFA23-509F-43D2-A6B1-E35A1434FAE5}.Debug|x64.Build.0 = Debug|x64
		{18CAFA23-509F-43D2-A6B1-E35A1434FAE5}.Debug|x86.ActiveCfg = Debug|Win32
		{18CAFA23-509F-43D2-A6B1-E35A1434FAE5}.Debug|x86.Build.0 = Debug|Win32
		{18CAFA23-509F-43D2-A6B1-E35A1434FAE5}.Release|x64.ActiveCfg = Release|x64
		{18CAFA23-509F-43D2-A6B1-E35A1434FAE5}.Release|x64.Build.0 = Release|x64
		{18CAFA23-509F-43D2-A6B1-E35A1434FAE5}.Release|x86.ActiveCfg = Release|Win32
		{18CAFA23-509F-43D2-A6B1-E35A1434FAE5}.Release|x86.Build.0 = Release|Win32
	EndGlobalSection
	GlobalSection(SolutionProperties) = preSolution
		HideSolutionNode = FALSE
	EndGlobalSection
	GlobalSection(ExtensibilityGlobals) = postSolution
		SolutionGuid = {709632E4-F726-441E-A143-5AF1493042E8}
	EndGlobalSection
EndGlobal
